
Microsoft Visual Studio Solution File, Format Version 12.00
# Visual Studio Version 16
VisualStudioVersion = 16.0.30717.126
MinimumVisualStudioVersion = 10.0.40219.1
Project("{FAE04EC0-301F-11D3-BF4B-00C04F79EFBC}") = "Process_Injection_With_Low_Level_APIs_NTCreateSection", "Process_Injection_With_Low_Level_APIs_NTCreateSection\Process_Injection_With_Low_Level_APIs_NTCreateSection.csproj", "{0AF26CFE-F7B4-4D22-A0AA-77F272DD2DB2}"
EndProject
Global
	GlobalSection(SolutionConfigurationPlatforms) = preSolution
		Debug|Any CPU = Debug|Any CPU
		Debug|x64 = Debug|x64
		Release|Any CPU = Release|Any CPU
		Release|x64 = Release|x64
	EndGlobalSection
	GlobalSection(ProjectConfigurationPlatforms) = postSolution
		{0AF26CFE-F7B4-4D22-A0AA-77F272DD2DB2}.Debug|Any CPU.ActiveCfg = Debug|Any CPU
		{0AF26CFE-F7B4-4D22-A0AA-77F272DD2DB2}.Debug|Any CPU.Build.0 = Debug|Any CPU
		{0AF26CFE-F7B4-4D22-A0AA-77F272DD2DB2}.Debug|x64.ActiveCfg = Debug|x64
		{0AF26CFE-F7B4-4D22-A0AA-77F272DD2DB2}.Debug|x64.Build.0 = Debug|x64
		{0AF26CFE-F7B4-4D22-A0AA-77F272DD2DB2}.Release|Any CPU.ActiveCfg = Release|Any CPU
		{0AF26CFE-F7B4-4D22-A0AA-77F272DD2DB2}.Release|Any CPU.Build.0 = Release|Any CPU
		{0AF26CFE-F7B4-4D22-A0AA-77F272DD2DB2}.Release|x64.ActiveCfg = Release|x64
		{0AF26CFE-F7B4-4D22-A0AA-77F272DD2DB2}.Release|x64.Build.0 = Release|x64
	EndGlobalSection
	GlobalSection(SolutionProperties) = preSolution
		HideSolutionNode = FALSE
	EndGlobalSection
	GlobalSection(ExtensibilityGlobals) = postSolution
		SolutionGuid = {8CAD65BC-2621-4C3B-835A-C7879D66267E}
	EndGlobalSection
EndGlobal
